
Microsoft Visual Studio Solution File, Format Version 12.00
# Visual Studio 15
VisualStudioVersion = 15.0.28307.136
MinimumVisualStudioVersion = 10.0.40219.1
Project("{FAE04EC0-301F-11D3-BF4B-00C04F79EFBC}") = "AppCartWebApp", "AppCartWebApp\AppCartWebApp.csproj", "{8872569D-3C23-4DF7-B985-90F25A961648}"
EndProject
Project("{FAE04EC0-301F-11D3-BF4B-00C04F79EFBC}") = "AppCart_FrontApi", "AppCart_FrontApi\AppCart_FrontApi.csproj", "{182435E8-A526-448D-B8E4-8D1925B9E404}"
EndProject
Project("{FAE04EC0-301F-11D3-BF4B-00C04F79EFBC}") = "AppCart_DAL_API", "AppCart_DAL_API\AppCart_DAL_API.csproj", "{C8E3BD65-5189-4039-997E-869265A517AF}"
EndProject
Project("{FAE04EC0-301F-11D3-BF4B-00C04F79EFBC}") = "AppCart_PaymentAPI", "AppCart_PaymentAPI\AppCart_PaymentAPI.csproj", "{BAFBCD6C-B015-456C-88CE-6D13C437584A}"
EndProject
Global
	GlobalSection(SolutionConfigurationPlatforms) = preSolution
		Debug|Any CPU = Debug|Any CPU
		Release|Any CPU = Release|Any CPU
	EndGlobalSection
	GlobalSection(ProjectConfigurationPlatforms) = postSolution
		{8872569D-3C23-4DF7-B985-90F25A961648}.Debug|Any CPU.ActiveCfg = Debug|Any CPU
		{8872569D-3C23-4DF7-B985-90F25A961648}.Debug|Any CPU.Build.0 = Debug|Any CPU
		{8872569D-3C23-4DF7-B985-90F25A961648}.Release|Any CPU.ActiveCfg = Release|Any CPU
		{8872569D-3C23-4DF7-B985-90F25A961648}.Release|Any CPU.Build.0 = Release|Any CPU
		{182435E8-A526-448D-B8E4-8D1925B9E404}.Debug|Any CPU.ActiveCfg = Debug|Any CPU
		{182435E8-A526-448D-B8E4-8D1925B9E404}.Debug|Any CPU.Build.0 = Debug|Any CPU
		{182435E8-A526-448D-B8E4-8D1925B9E404}.Release|Any CPU.ActiveCfg = Release|Any CPU
		{182435E8-A526-448D-B8E4-8D1925B9E404}.Release|Any CPU.Build.0 = Release|Any CPU
		{C8E3BD65-5189-4039-997E-869265A517AF}.Debug|Any CPU.ActiveCfg = Debug|Any CPU
		{C8E3BD65-5189-4039-997E-869265A517AF}.Debug|Any CPU.Build.0 = Debug|Any CPU
		{C8E3BD65-5189-4039-997E-869265A517AF}.Release|Any CPU.ActiveCfg = Release|Any CPU
		{C8E3BD65-5189-4039-997E-869265A517AF}.Release|Any CPU.Build.0 = Release|Any CPU
		{BAFBCD6C-B015-456C-88CE-6D13C437584A}.Debug|Any CPU.ActiveCfg = Debug|Any CPU
		{BAFBCD6C-B015-456C-88CE-6D13C437584A}.Debug|Any CPU.Build.0 = Debug|Any CPU
		{BAFBCD6C-B015-456C-88CE-6D13C437584A}.Release|Any CPU.ActiveCfg = Release|Any CPU
		{BAFBCD6C-B015-456C-88CE-6D13C437584A}.Release|Any CPU.Build.0 = Release|Any CPU
	EndGlobalSection
	GlobalSection(SolutionProperties) = preSolution
		HideSolutionNode = FALSE
	EndGlobalSection
	GlobalSection(ExtensibilityGlobals) = postSolution
		SolutionGuid = {36A109E0-7D25-4D0E-ACB5-19E09845E44C}
	EndGlobalSection
EndGlobal
